
Microsoft Visual Studio Solution File, Format Version 12.00
# Visual Studio Version 17
VisualStudioVersion = 17.4.33110.190
MinimumVisualStudioVersion = 10.0.40219.1
Project("{FAE04EC0-301F-11D3-BF4B-00C04F79EFBC}") = "9.02", "9.02\9.02.csproj", "{C8E1CD76-510C-4068-BE90-73892ED88753}"
EndProject
Global
	GlobalSection(SolutionConfigurationPlatforms) = preSolution
		Debug|Any CPU = Debug|Any CPU
		Release|Any CPU = Release|Any CPU
	EndGlobalSection
	GlobalSection(ProjectConfigurationPlatforms) = postSolution
		{C8E1CD76-510C-4068-BE90-73892ED88753}.Debug|Any CPU.ActiveCfg = Debug|Any CPU
		{C8E1CD76-510C-4068-BE90-73892ED88753}.Debug|Any CPU.Build.0 = Debug|Any CPU
		{C8E1CD76-510C-4068-BE90-73892ED88753}.Release|Any CPU.ActiveCfg = Release|Any CPU
		{C8E1CD76-510C-4068-BE90-73892ED88753}.Release|Any CPU.Build.0 = Release|Any CPU
	EndGlobalSection
	GlobalSection(SolutionProperties) = preSolution
		HideSolutionNode = FALSE
	EndGlobalSection
	GlobalSection(ExtensibilityGlobals) = postSolution
		SolutionGuid = {A73E6365-C760-4247-98EC-F23150EB0F24}
	EndGlobalSection
EndGlobal
